
Microsoft Visual Studio Solution File, Format Version 12.00
# Visual Studio Version 17
VisualStudioVersion = 17.4.33122.133
MinimumVisualStudioVersion = 10.0.40219.1
Project("{9A19103F-16F7-4668-BE54-9A1E7A4F7556}") = "Ecommerce.Mvc", "Ecommerce.Mvc\Ecommerce.Mvc.csproj", "{84AEF777-A0DF-4147-B565-EF9377EE6949}"
EndProject
Project("{9A19103F-16F7-4668-BE54-9A1E7A4F7556}") = "Ecommerce.Infrastructure", "Ecommerce.Infrastructure\Ecommerce.Infrastructure.csproj", "{027FC466-5BB0-4563-8A69-C41F788C5510}"
EndProject
Global
	GlobalSection(SolutionConfigurationPlatforms) = preSolution
		Debug|Any CPU = Debug|Any CPU
		Release|Any CPU = Release|Any CPU
	EndGlobalSection
	GlobalSection(ProjectConfigurationPlatforms) = postSolution
		{84AEF777-A0DF-4147-B565-EF9377EE6949}.Debug|Any CPU.ActiveCfg = Debug|Any CPU
		{84AEF777-A0DF-4147-B565-EF9377EE6949}.Debug|Any CPU.Build.0 = Debug|Any CPU
		{84AEF777-A0DF-4147-B565-EF9377EE6949}.Release|Any CPU.ActiveCfg = Release|Any CPU
		{84AEF777-A0DF-4147-B565-EF9377EE6949}.Release|Any CPU.Build.0 = Release|Any CPU
		{027FC466-5BB0-4563-8A69-C41F788C5510}.Debug|Any CPU.ActiveCfg = Debug|Any CPU
		{027FC466-5BB0-4563-8A69-C41F788C5510}.Debug|Any CPU.Build.0 = Debug|Any CPU
		{027FC466-5BB0-4563-8A69-C41F788C5510}.Release|Any CPU.ActiveCfg = Release|Any CPU
		{027FC466-5BB0-4563-8A69-C41F788C5510}.Release|Any CPU.Build.0 = Release|Any CPU
	EndGlobalSection
	GlobalSection(SolutionProperties) = preSolution
		HideSolutionNode = FALSE
	EndGlobalSection
	GlobalSection(ExtensibilityGlobals) = postSolution
		SolutionGuid = {F5BC41E4-C71D-4C48-B2EF-EA503AE1CD46}
	EndGlobalSection
EndGlobal
